
Microsoft Visual Studio Solution File, Format Version 12.00
# Visual Studio Version 16
VisualStudioVersion = 16.0.29519.87
MinimumVisualStudioVersion = 10.0.40219.1
Project("{FAE04EC0-301F-11D3-BF4B-00C04F79EFBC}") = "BD 2.0", "BD 2.0\BD 2.0.csproj", "{E6019548-7994-4CC7-A3E1-9BC27073E4D1}"
EndProject
Global
	GlobalSection(SolutionConfigurationPlatforms) = preSolution
		Debug|Any CPU = Debug|Any CPU
		Release|Any CPU = Release|Any CPU
	EndGlobalSection
	GlobalSection(ProjectConfigurationPlatforms) = postSolution
		{E6019548-7994-4CC7-A3E1-9BC27073E4D1}.Debug|Any CPU.ActiveCfg = Debug|Any CPU
		{E6019548-7994-4CC7-A3E1-9BC27073E4D1}.Debug|Any CPU.Build.0 = Debug|Any CPU
		{E6019548-7994-4CC7-A3E1-9BC27073E4D1}.Release|Any CPU.ActiveCfg = Release|Any CPU
		{E6019548-7994-4CC7-A3E1-9BC27073E4D1}.Release|Any CPU.Build.0 = Release|Any CPU
	EndGlobalSection
	GlobalSection(SolutionProperties) = preSolution
		HideSolutionNode = FALSE
	EndGlobalSection
	GlobalSection(ExtensibilityGlobals) = postSolution
		SolutionGuid = {C39523A0-3ABF-4D4E-9B7E-C4B3FAF99E3B}
	EndGlobalSection
EndGlobal
